
Microsoft Visual Studio Solution File, Format Version 12.00
# Visual Studio Version 17
VisualStudioVersion = 17.13.35919.96 d17.13
MinimumVisualStudioVersion = 10.0.40219.1
Project("{FAE04EC0-301F-11D3-BF4B-00C04F79EFBC}") = "практика", "практика.csproj", "{1A031730-F3D6-4983-9BC1-9E7AF98B24E2}"
EndProject
Global
	GlobalSection(SolutionConfigurationPlatforms) = preSolution
		Debug|Any CPU = Debug|Any CPU
		Release|Any CPU = Release|Any CPU
	EndGlobalSection
	GlobalSection(ProjectConfigurationPlatforms) = postSolution
		{1A031730-F3D6-4983-9BC1-9E7AF98B24E2}.Debug|Any CPU.ActiveCfg = Debug|Any CPU
		{1A031730-F3D6-4983-9BC1-9E7AF98B24E2}.Debug|Any CPU.Build.0 = Debug|Any CPU
		{1A031730-F3D6-4983-9BC1-9E7AF98B24E2}.Release|Any CPU.ActiveCfg = Release|Any CPU
		{1A031730-F3D6-4983-9BC1-9E7AF98B24E2}.Release|Any CPU.Build.0 = Release|Any CPU
	EndGlobalSection
	GlobalSection(SolutionProperties) = preSolution
		HideSolutionNode = FALSE
	EndGlobalSection
	GlobalSection(ExtensibilityGlobals) = postSolution
		SolutionGuid = {104C3C1C-18AE-497E-8E12-8193A2610F6B}
	EndGlobalSection
EndGlobal
